// !$*UTF8*$!
{
	archiveVersion = 1;
	classes = {
	};
	objectVersion = 46;
	objects = {

/* Begin PBXBuildFile section */
		FA2DC6A91A12F63400FE0272 /* QuartzCore.framework in Frameworks */ = {isa = PBXBuildFile; fileRef = FA2DC6A81A12F63400FE0272 /* QuartzCore.framework */; };
		FA2DC6D41A12F68D00FE0272 /* Default-568h@2x.png in Resources */ = {isa = PBXBuildFile; fileRef = FA2DC6B11A12F68D00FE0272 /* Default-568h@2x.png */; };
		FA2DC6D51A12F68D00FE0272 /* Default.png in Resources */ = {isa = PBXBuildFile; fileRef = FA2DC6B21A12F68D00FE0272 /* Default.png */; };
		FA2DC6D61A12F68D00FE0272 /* Default@2x.png in Resources */ = {isa = PBXBuildFile; fileRef = FA2DC6B31A12F68D00FE0272 /* Default@2x.png */; };
		FA2DC6D71A12F68D00FE0272 /* HAViewController.xib in Resources */ = {isa = PBXBuildFile; fileRef = FA2DC6B41A12F68D00FE0272 /* HAViewController.xib */; };
		FA2DC6D81A12F68D00FE0272 /* InfoPlist.strings in Resources */ = {isa = PBXBuildFile; fileRef = FA2DC6B61A12F68D00FE0272 /* InfoPlist.strings */; };
		FA2DC6D91A12F68D00FE0272 /* HAAppDelegate.m in Sources */ = {isa = PBXBuildFile; fileRef = FA2DC6B91A12F68D00FE0272 /* HAAppDelegate.m */; };
		FA2DC6DA1A12F68D00FE0272 /* HAViewController.m in Sources */ = {isa = PBXBuildFile; fileRef = FA2DC6BB1A12F68D00FE0272 /* HAViewController.m */; };
		FA2DC6DB1A12F68D00FE0272 /* logo.png in Resources */ = {isa = PBXBuildFile; fileRef = FA2DC6BC1A12F68D00FE0272 /* logo.png */; };
		FA2DC6DE1A12F68D00FE0272 /* arrow_down.png in Resources */ = {isa = PBXBuildFile; fileRef = FA2DC6C21A12F68D00FE0272 /* arrow_down.png */; };
		FA2DC6DF1A12F68D00FE0272 /* arrow_down1.png in Resources */ = {isa = PBXBuildFile; fileRef = FA2DC6C31A12F68D00FE0272 /* arrow_down1.png */; };
		FA2DC6E01A12F68D00FE0272 /* arrow_down1@2x.png in Resources */ = {isa = PBXBuildFile; fileRef = FA2DC6C41A12F68D00FE0272 /* arrow_down1@2x.png */; };
		FA2DC6E11A12F68D00FE0272 /* arrow_down@2x.png in Resources */ = {isa = PBXBuildFile; fileRef = FA2DC6C51A12F68D00FE0272 /* arrow_down@2x.png */; };
		FA2DC6E21A12F68D00FE0272 /* SICellSelection.m in Sources */ = {isa = PBXBuildFile; fileRef = FA2DC6C71A12F68D00FE0272 /* SICellSelection.m */; };
		FA2DC6E31A12F68D00FE0272 /* SIMenuButton.m in Sources */ = {isa = PBXBuildFile; fileRef = FA2DC6C91A12F68D00FE0272 /* SIMenuButton.m */; };
		FA2DC6E41A12F68D00FE0272 /* SIMenuCell.m in Sources */ = {isa = PBXBuildFile; fileRef = FA2DC6CB1A12F68D00FE0272 /* SIMenuCell.m */; };
		FA2DC6E51A12F68D00FE0272 /* SIMenuConfiguration.m in Sources */ = {isa = PBXBuildFile; fileRef = FA2DC6CD1A12F68D00FE0272 /* SIMenuConfiguration.m */; };
		FA2DC6E61A12F68D00FE0272 /* SIMenuTable.m in Sources */ = {isa = PBXBuildFile; fileRef = FA2DC6CF1A12F68D00FE0272 /* SIMenuTable.m */; };
		FA2DC6E71A12F68D00FE0272 /* SINavigationMenuView.m in Sources */ = {isa = PBXBuildFile; fileRef = FA2DC6D11A12F68D00FE0272 /* SINavigationMenuView.m */; };
		FA2DC6E81A12F68D00FE0272 /* UIColor+Extension.m in Sources */ = {isa = PBXBuildFile; fileRef = FA2DC6D31A12F68D00FE0272 /* UIColor+Extension.m */; };
		FA2DC6EB1A133BCD00FE0272 /* Images.xcassets in Resources */ = {isa = PBXBuildFile; fileRef = FA2DC6EA1A133BCD00FE0272 /* Images.xcassets */; };
		FA7865191A12DDB800092090 /* AddMemberViewController.m in Sources */ = {isa = PBXBuildFile; fileRef = FA7865181A12DDB800092090 /* AddMemberViewController.m */; };
		FA8F6E301A12BA6600D442DD /* main.m in Sources */ = {isa = PBXBuildFile; fileRef = FA8F6E2F1A12BA6600D442DD /* main.m */; };
		FA8F6E331A12BA6600D442DD /* AppDelegate.m in Sources */ = {isa = PBXBuildFile; fileRef = FA8F6E321A12BA6600D442DD /* AppDelegate.m */; };
		FA8F6E361A12BA6600D442DD /* LostCharacters.xcdatamodeld in Sources */ = {isa = PBXBuildFile; fileRef = FA8F6E341A12BA6600D442DD /* LostCharacters.xcdatamodeld */; };
		FA8F6E391A12BA6600D442DD /* RootViewController.m in Sources */ = {isa = PBXBuildFile; fileRef = FA8F6E381A12BA6600D442DD /* RootViewController.m */; };
		FA8F6E3C1A12BA6600D442DD /* Main.storyboard in Resources */ = {isa = PBXBuildFile; fileRef = FA8F6E3A1A12BA6600D442DD /* Main.storyboard */; };
		FA8F6E411A12BA6600D442DD /* LaunchScreen.xib in Resources */ = {isa = PBXBuildFile; fileRef = FA8F6E3F1A12BA6600D442DD /* LaunchScreen.xib */; };
		FA8F6E4D1A12BA6600D442DD /* LostCharactersTests.m in Sources */ = {isa = PBXBuildFile; fileRef = FA8F6E4C1A12BA6600D442DD /* LostCharactersTests.m */; };
		FA8F6E581A12C1F400D442DD /* MemberTableViewCell.m in Sources */ = {isa = PBXBuildFile; fileRef = FA8F6E571A12C1F400D442DD /* MemberTableViewCell.m */; };
/* End PBXBuildFile section */

/* Begin PBXContainerItemProxy section */
		FA8F6E471A12BA6600D442DD /* PBXContainerItemProxy */ = {
			isa = PBXContainerItemProxy;
			containerPortal = FA8F6E221A12BA6600D442DD /* Project object */;
			proxyType = 1;
			remoteGlobalIDString = FA8F6E291A12BA6600D442DD;
			remoteInfo = LostCharacters;
		};
/* End PBXContainerItemProxy section */

/* Begin PBXFileReference section */
		FA2DC6A81A12F63400FE0272 /* QuartzCore.framework */ = {isa = PBXFileReference; lastKnownFileType = wrapper.framework; name = QuartzCore.framework; path = System/Library/Frameworks/QuartzCore.framework; sourceTree = SDKROOT; };
		FA2DC6B11A12F68D00FE0272 /* Default-568h@2x.png */ = {isa = PBXFileReference; lastKnownFileType = image.png; path = "Default-568h@2x.png"; sourceTree = "<group>"; };
		FA2DC6B21A12F68D00FE0272 /* Default.png */ = {isa = PBXFileReference; lastKnownFileType = image.png; path = Default.png; sourceTree = "<group>"; };
		FA2DC6B31A12F68D00FE0272 /* Default@2x.png */ = {isa = PBXFileReference; lastKnownFileType = image.png; path = "Default@2x.png"; sourceTree = "<group>"; };
		FA2DC6B51A12F68D00FE0272 /* en */ = {isa = PBXFileReference; lastKnownFileType = file.xib; name = en; path = en.lproj/HAViewController.xib; sourceTree = "<group>"; };
		FA2DC6B71A12F68D00FE0272 /* en */ = {isa = PBXFileReference; lastKnownFileType = text.plist.strings; name = en; path = en.lproj/InfoPlist.strings; sourceTree = "<group>"; };
		FA2DC6B81A12F68D00FE0272 /* HAAppDelegate.h */ = {isa = PBXFileReference; fileEncoding = 4; lastKnownFileType = sourcecode.c.h; path = HAAppDelegate.h; sourceTree = "<group>"; };
		FA2DC6B91A12F68D00FE0272 /* HAAppDelegate.m */ = {isa = PBXFileReference; fileEncoding = 4; lastKnownFileType = sourcecode.c.objc; path = HAAppDelegate.m; sourceTree = "<group>"; };
		FA2DC6BA1A12F68D00FE0272 /* HAViewController.h */ = {isa = PBXFileReference; fileEncoding = 4; lastKnownFileType = sourcecode.c.h; path = HAViewController.h; sourceTree = "<group>"; };
		FA2DC6BB1A12F68D00FE0272 /* HAViewController.m */ = {isa = PBXFileReference; fileEncoding = 4; lastKnownFileType = sourcecode.c.objc; path = HAViewController.m; sourceTree = "<group>"; };
		FA2DC6BC1A12F68D00FE0272 /* logo.png */ = {isa = PBXFileReference; lastKnownFileType = image.png; path = logo.png; sourceTree = "<group>"; };
		FA2DC6C21A12F68D00FE0272 /* arrow_down.png */ = {isa = PBXFileReference; lastKnownFileType = image.png; path = arrow_down.png; sourceTree = "<group>"; };
		FA2DC6C31A12F68D00FE0272 /* arrow_down1.png */ = {isa = PBXFileReference; lastKnownFileType = image.png; path = arrow_down1.png; sourceTree = "<group>"; };
		FA2DC6C41A12F68D00FE0272 /* arrow_down1@2x.png */ = {isa = PBXFileReference; lastKnownFileType = image.png; path = "arrow_down1@2x.png"; sourceTree = "<group>"; };
		FA2DC6C51A12F68D00FE0272 /* arrow_down@2x.png */ = {isa = PBXFileReference; lastKnownFileType = image.png; path = "arrow_down@2x.png"; sourceTree = "<group>"; };
		FA2DC6C61A12F68D00FE0272 /* SICellSelection.h */ = {isa = PBXFileReference; fileEncoding = 4; lastKnownFileType = sourcecode.c.h; path = SICellSelection.h; sourceTree = "<group>"; };
		FA2DC6C71A12F68D00FE0272 /* SICellSelection.m */ = {isa = PBXFileReference; fileEncoding = 4; lastKnownFileType = sourcecode.c.objc; path = SICellSelection.m; sourceTree = "<group>"; };
		FA2DC6C81A12F68D00FE0272 /* SIMenuButton.h */ = {isa = PBXFileReference; fileEncoding = 4; lastKnownFileType = sourcecode.c.h; path = SIMenuButton.h; sourceTree = "<group>"; };
		FA2DC6C91A12F68D00FE0272 /* SIMenuButton.m */ = {isa = PBXFileReference; fileEncoding = 4; lastKnownFileType = sourcecode.c.objc; path = SIMenuButton.m; sourceTree = "<group>"; };
		FA2DC6CA1A12F68D00FE0272 /* SIMenuCell.h */ = {isa = PBXFileReference; fileEncoding = 4; lastKnownFileType = sourcecode.c.h; path = SIMenuCell.h; sourceTree = "<group>"; };
		FA2DC6CB1A12F68D00FE0272 /* SIMenuCell.m */ = {isa = PBXFileReference; fileEncoding = 4; lastKnownFileType = sourcecode.c.objc; path = SIMenuCell.m; sourceTree = "<group>"; };
		FA2DC6CC1A12F68D00FE0272 /* SIMenuConfiguration.h */ = {isa = PBXFileReference; fileEncoding = 4; lastKnownFileType = sourcecode.c.h; path = SIMenuConfiguration.h; sourceTree = "<group>"; };
		FA2DC6CD1A12F68D00FE0272 /* SIMenuConfiguration.m */ = {isa = PBXFileReference; fileEncoding = 4; lastKnownFileType = sourcecode.c.objc; path = SIMenuConfiguration.m; sourceTree = "<group>"; };
		FA2DC6CE1A12F68D00FE0272 /* SIMenuTable.h */ = {isa = PBXFileReference; fileEncoding = 4; lastKnownFileType = sourcecode.c.h; path = SIMenuTable.h; sourceTree = "<group>"; };
		FA2DC6CF1A12F68D00FE0272 /* SIMenuTable.m */ = {isa = PBXFileReference; fileEncoding = 4; lastKnownFileType = sourcecode.c.objc; path = SIMenuTable.m; sourceTree = "<group>"; };
		FA2DC6D01A12F68D00FE0272 /* SINavigationMenuView.h */ = {isa = PBXFileReference; fileEncoding = 4; lastKnownFileType = sourcecode.c.h; path = SINavigationMenuView.h; sourceTree = "<group>"; };
		FA2DC6D11A12F68D00FE0272 /* SINavigationMenuView.m */ = {isa = PBXFileReference; fileEncoding = 4; lastKnownFileType = sourcecode.c.objc; path = SINavigationMenuView.m; sourceTree = "<group>"; };
		FA2DC6D21A12F68D00FE0272 /* UIColor+Extension.h */ = {isa = PBXFileReference; fileEncoding = 4; lastKnownFileType = sourcecode.c.h; path = "UIColor+Extension.h"; sourceTree = "<group>"; };
		FA2DC6D31A12F68D00FE0272 /* UIColor+Extension.m */ = {isa = PBXFileReference; fileEncoding = 4; lastKnownFileType = sourcecode.c.objc; path = "UIColor+Extension.m"; sourceTree = "<group>"; };
		FA2DC6EA1A133BCD00FE0272 /* Images.xcassets */ = {isa = PBXFileReference; lastKnownFileType = folder.assetcatalog; name = Images.xcassets; path = ../Images.xcassets; sourceTree = "<group>"; };
		FA7865171A12DDB800092090 /* AddMemberViewController.h */ = {isa = PBXFileReference; fileEncoding = 4; lastKnownFileType = sourcecode.c.h; path = AddMemberViewController.h; sourceTree = "<group>"; };
		FA7865181A12DDB800092090 /* AddMemberViewController.m */ = {isa = PBXFileReference; fileEncoding = 4; lastKnownFileType = sourcecode.c.objc; path = AddMemberViewController.m; sourceTree = "<group>"; };
		FA8F6E2A1A12BA6600D442DD /* LostCharacters.app */ = {isa = PBXFileReference; explicitFileType = wrapper.application; includeInIndex = 0; path = LostCharacters.app; sourceTree = BUILT_PRODUCTS_DIR; };
		FA8F6E2E1A12BA6600D442DD /* Info.plist */ = {isa = PBXFileReference; lastKnownFileType = text.plist.xml; path = Info.plist; sourceTree = "<group>"; };
		FA8F6E2F1A12BA6600D442DD /* main.m */ = {isa = PBXFileReference; lastKnownFileType = sourcecode.c.objc; path = main.m; sourceTree = "<group>"; };
		FA8F6E311A12BA6600D442DD /* AppDelegate.h */ = {isa = PBXFileReference; lastKnownFileType = sourcecode.c.h; path = AppDelegate.h; sourceTree = "<group>"; };
		FA8F6E321A12BA6600D442DD /* AppDelegate.m */ = {isa = PBXFileReference; lastKnownFileType = sourcecode.c.objc; path = AppDelegate.m; sourceTree = "<group>"; };
		FA8F6E351A12BA6600D442DD /* LostCharacters.xcdatamodel */ = {isa = PBXFileReference; lastKnownFileType = wrapper.xcdatamodel; path = LostCharacters.xcdatamodel; sourceTree = "<group>"; };
		FA8F6E371A12BA6600D442DD /* RootViewController.h */ = {isa = PBXFileReference; lastKnownFileType = sourcecode.c.h; path = RootViewController.h; sourceTree = "<group>"; };
		FA8F6E381A12BA6600D442DD /* RootViewController.m */ = {isa = PBXFileReference; lastKnownFileType = sourcecode.c.objc; path = RootViewController.m; sourceTree = "<group>"; };
		FA8F6E3B1A12BA6600D442DD /* Base */ = {isa = PBXFileReference; lastKnownFileType = file.storyboard; name = Base; path = Base.lproj/Main.storyboard; sourceTree = "<group>"; };
		FA8F6E401A12BA6600D442DD /* Base */ = {isa = PBXFileReference; lastKnownFileType = file.xib; name = Base; path = Base.lproj/LaunchScreen.xib; sourceTree = "<group>"; };
		FA8F6E461A12BA6600D442DD /* LostCharactersTests.xctest */ = {isa = PBXFileReference; explicitFileType = wrapper.cfbundle; includeInIndex = 0; path = LostCharactersTests.xctest; sourceTree = BUILT_PRODUCTS_DIR; };
		FA8F6E4B1A12BA6600D442DD /* Info.plist */ = {isa = PBXFileReference; lastKnownFileType = text.plist.xml; path = Info.plist; sourceTree = "<group>"; };
		FA8F6E4C1A12BA6600D442DD /* LostCharactersTests.m */ = {isa = PBXFileReference; lastKnownFileType = sourcecode.c.objc; path = LostCharactersTests.m; sourceTree = "<group>"; };
		FA8F6E561A12C1F400D442DD /* MemberTableViewCell.h */ = {isa = PBXFileReference; fileEncoding = 4; lastKnownFileType = sourcecode.c.h; path = MemberTableViewCell.h; sourceTree = "<group>"; };
		FA8F6E571A12C1F400D442DD /* MemberTableViewCell.m */ = {isa = PBXFileReference; fileEncoding = 4; lastKnownFileType = sourcecode.c.objc; path = MemberTableViewCell.m; sourceTree = "<group>"; };
/* End PBXFileReference section */

/* Begin PBXFrameworksBuildPhase section */
		FA8F6E271A12BA6600D442DD /* Frameworks */ = {
			isa = PBXFrameworksBuildPhase;
			buildActionMask = 2147483647;
			files = (
				FA2DC6A91A12F63400FE0272 /* QuartzCore.framework in Frameworks */,
			);
			runOnlyForDeploymentPostprocessing = 0;
		};
		FA8F6E431A12BA6600D442DD /* Frameworks */ = {
			isa = PBXFrameworksBuildPhase;
			buildActionMask = 2147483647;
			files = (
			);
			runOnlyForDeploymentPostprocessing = 0;
		};
/* End PBXFrameworksBuildPhase section */

/* Begin PBXGroup section */
		FA2DC6B01A12F68D00FE0272 /* NavigationMenu */ = {
			isa = PBXGroup;
			children = (
				FA2DC6B11A12F68D00FE0272 /* Default-568h@2x.png */,
				FA2DC6B21A12F68D00FE0272 /* Default.png */,
				FA2DC6B31A12F68D00FE0272 /* Default@2x.png */,
				FA2DC6B41A12F68D00FE0272 /* HAViewController.xib */,
				FA2DC6B61A12F68D00FE0272 /* InfoPlist.strings */,
				FA2DC6B81A12F68D00FE0272 /* HAAppDelegate.h */,
				FA2DC6B91A12F68D00FE0272 /* HAAppDelegate.m */,
				FA2DC6BA1A12F68D00FE0272 /* HAViewController.h */,
				FA2DC6BB1A12F68D00FE0272 /* HAViewController.m */,
				FA2DC6BC1A12F68D00FE0272 /* logo.png */,
				FA2DC6C01A12F68D00FE0272 /* NavigationMenuView */,
			);
			path = NavigationMenu;
			sourceTree = "<group>";
		};
		FA2DC6C01A12F68D00FE0272 /* NavigationMenuView */ = {
			isa = PBXGroup;
			children = (
				FA2DC6C11A12F68D00FE0272 /* images */,
				FA2DC6C61A12F68D00FE0272 /* SICellSelection.h */,
				FA2DC6C71A12F68D00FE0272 /* SICellSelection.m */,
				FA2DC6C81A12F68D00FE0272 /* SIMenuButton.h */,
				FA2DC6C91A12F68D00FE0272 /* SIMenuButton.m */,
				FA2DC6CA1A12F68D00FE0272 /* SIMenuCell.h */,
				FA2DC6CB1A12F68D00FE0272 /* SIMenuCell.m */,
				FA2DC6CC1A12F68D00FE0272 /* SIMenuConfiguration.h */,
				FA2DC6CD1A12F68D00FE0272 /* SIMenuConfiguration.m */,
				FA2DC6CE1A12F68D00FE0272 /* SIMenuTable.h */,
				FA2DC6CF1A12F68D00FE0272 /* SIMenuTable.m */,
				FA2DC6D01A12F68D00FE0272 /* SINavigationMenuView.h */,
				FA2DC6D11A12F68D00FE0272 /* SINavigationMenuView.m */,
				FA2DC6D21A12F68D00FE0272 /* UIColor+Extension.h */,
				FA2DC6D31A12F68D00FE0272 /* UIColor+Extension.m */,
			);
			path = NavigationMenuView;
			sourceTree = "<group>";
		};
		FA2DC6C11A12F68D00FE0272 /* images */ = {
			isa = PBXGroup;
			children = (
				FA2DC6C21A12F68D00FE0272 /* arrow_down.png */,
				FA2DC6C31A12F68D00FE0272 /* arrow_down1.png */,
				FA2DC6C41A12F68D00FE0272 /* arrow_down1@2x.png */,
				FA2DC6C51A12F68D00FE0272 /* arrow_down@2x.png */,
			);
			path = images;
			sourceTree = "<group>";
		};
		FA8F6E211A12BA6600D442DD = {
			isa = PBXGroup;
			children = (
				FA2DC6B01A12F68D00FE0272 /* NavigationMenu */,
				FA2DC6A81A12F63400FE0272 /* QuartzCore.framework */,
				FA8F6E3A1A12BA6600D442DD /* Main.storyboard */,
				FA8F6E2C1A12BA6600D442DD /* LostCharacters */,
				FA8F6E491A12BA6600D442DD /* LostCharactersTests */,
				FA8F6E2B1A12BA6600D442DD /* Products */,
			);
			sourceTree = "<group>";
		};
		FA8F6E2B1A12BA6600D442DD /* Products */ = {
			isa = PBXGroup;
			children = (
				FA8F6E2A1A12BA6600D442DD /* LostCharacters.app */,
				FA8F6E461A12BA6600D442DD /* LostCharactersTests.xctest */,
			);
			name = Products;
			sourceTree = "<group>";
		};
		FA8F6E2C1A12BA6600D442DD /* LostCharacters */ = {
			isa = PBXGroup;
			children = (
				FA8F6E311A12BA6600D442DD /* AppDelegate.h */,
				FA8F6E321A12BA6600D442DD /* AppDelegate.m */,
				FA8F6E371A12BA6600D442DD /* RootViewController.h */,
				FA8F6E381A12BA6600D442DD /* RootViewController.m */,
				FA7865171A12DDB800092090 /* AddMemberViewController.h */,
				FA7865181A12DDB800092090 /* AddMemberViewController.m */,
				FA8F6E591A12C1F700D442DD /* Model */,
				FA8F6E3F1A12BA6600D442DD /* LaunchScreen.xib */,
				FA8F6E341A12BA6600D442DD /* LostCharacters.xcdatamodeld */,
				FA8F6E2D1A12BA6600D442DD /* Supporting Files */,
			);
			path = LostCharacters;
			sourceTree = "<group>";
		};
		FA8F6E2D1A12BA6600D442DD /* Supporting Files */ = {
			isa = PBXGroup;
			children = (
				FA8F6E2E1A12BA6600D442DD /* Info.plist */,
				FA8F6E2F1A12BA6600D442DD /* main.m */,
			);
			name = "Supporting Files";
			sourceTree = "<group>";
		};
		FA8F6E491A12BA6600D442DD /* LostCharactersTests */ = {
			isa = PBXGroup;
			children = (
				FA8F6E4C1A12BA6600D442DD /* LostCharactersTests.m */,
				FA8F6E4A1A12BA6600D442DD /* Supporting Files */,
			);
			path = LostCharactersTests;
			sourceTree = "<group>";
		};
		FA8F6E4A1A12BA6600D442DD /* Supporting Files */ = {
			isa = PBXGroup;
			children = (
				FA8F6E4B1A12BA6600D442DD /* Info.plist */,
			);
			name = "Supporting Files";
			sourceTree = "<group>";
		};
		FA8F6E591A12C1F700D442DD /* Model */ = {
			isa = PBXGroup;
			children = (
				FA2DC6EA1A133BCD00FE0272 /* Images.xcassets */,
				FA8F6E561A12C1F400D442DD /* MemberTableViewCell.h */,
				FA8F6E571A12C1F400D442DD /* MemberTableViewCell.m */,
			);
			name = Model;
			sourceTree = "<group>";
		};
/* End PBXGroup section */

/* Begin PBXNativeTarget section */
		FA8F6E291A12BA6600D442DD /* LostCharacters */ = {
			isa = PBXNativeTarget;
			buildConfigurationList = FA8F6E501A12BA6600D442DD /* Build configuration list for PBXNativeTarget "LostCharacters" */;
			buildPhases = (
				FA8F6E261A12BA6600D442DD /* Sources */,
				FA8F6E271A12BA6600D442DD /* Frameworks */,
				FA8F6E281A12BA6600D442DD /* Resources */,
			);
			buildRules = (
			);
			dependencies = (
			);
			name = LostCharacters;
			productName = LostCharacters;
			productReference = FA8F6E2A1A12BA6600D442DD /* LostCharacters.app */;
			productType = "com.apple.product-type.application";
		};
		FA8F6E451A12BA6600D442DD /* LostCharactersTests */ = {
			isa = PBXNativeTarget;
			buildConfigurationList = FA8F6E531A12BA6600D442DD /* Build configuration list for PBXNativeTarget "LostCharactersTests" */;
			buildPhases = (
				FA8F6E421A12BA6600D442DD /* Sources */,
				FA8F6E431A12BA6600D442DD /* Frameworks */,
				FA8F6E441A12BA6600D442DD /* Resources */,
			);
			buildRules = (
			);
			dependencies = (
				FA8F6E481A12BA6600D442DD /* PBXTargetDependency */,
			);
			name = LostCharactersTests;
			productName = LostCharactersTests;
			productReference = FA8F6E461A12BA6600D442DD /* LostCharactersTests.xctest */;
			productType = "com.apple.product-type.bundle.unit-test";
		};
/* End PBXNativeTarget section */

/* Begin PBXProject section */
		FA8F6E221A12BA6600D442DD /* Project object */ = {
			isa = PBXProject;
			attributes = {
				LastUpgradeCheck = 0610;
				ORGANIZATIONNAME = "Alexey Emelyanov";
				TargetAttributes = {
					FA8F6E291A12BA6600D442DD = {
						CreatedOnToolsVersion = 6.1;
					};
					FA8F6E451A12BA6600D442DD = {
						CreatedOnToolsVersion = 6.1;
						TestTargetID = FA8F6E291A12BA6600D442DD;
					};
				};
			};
			buildConfigurationList = FA8F6E251A12BA6600D442DD /* Build configuration list for PBXProject "LostCharacters" */;
			compatibilityVersion = "Xcode 3.2";
			developmentRegion = English;
			hasScannedForEncodings = 0;
			knownRegions = (
				en,
				Base,
			);
			mainGroup = FA8F6E211A12BA6600D442DD;
			productRefGroup = FA8F6E2B1A12BA6600D442DD /* Products */;
			projectDirPath = "";
			projectRoot = "";
			targets = (
				FA8F6E291A12BA6600D442DD /* LostCharacters */,
				FA8F6E451A12BA6600D442DD /* LostCharactersTests */,
			);
		};
/* End PBXProject section */

/* Begin PBXResourcesBuildPhase section */
		FA8F6E281A12BA6600D442DD /* Resources */ = {
			isa = PBXResourcesBuildPhase;
			buildActionMask = 2147483647;
			files = (
				FA2DC6D61A12F68D00FE0272 /* Default@2x.png in Resources */,
				FA2DC6D81A12F68D00FE0272 /* InfoPlist.strings in Resources */,
				FA2DC6DB1A12F68D00FE0272 /* logo.png in Resources */,
				FA2DC6EB1A133BCD00FE0272 /* Images.xcassets in Resources */,
				FA8F6E3C1A12BA6600D442DD /* Main.storyboard in Resources */,
				FA2DC6D41A12F68D00FE0272 /* Default-568h@2x.png in Resources */,
				FA8F6E411A12BA6600D442DD /* LaunchScreen.xib in Resources */,
				FA2DC6D71A12F68D00FE0272 /* HAViewController.xib in Resources */,
				FA2DC6E01A12F68D00FE0272 /* arrow_down1@2x.png in Resources */,
				FA2DC6E11A12F68D00FE0272 /* arrow_down@2x.png in Resources */,
				FA2DC6D51A12F68D00FE0272 /* Default.png in Resources */,
				FA2DC6DF1A12F68D00FE0272 /* arrow_down1.png in Resources */,
				FA2DC6DE1A12F68D00FE0272 /* arrow_down.png in Resources */,
			);
			runOnlyForDeploymentPostprocessing = 0;
		};
		FA8F6E441A12BA6600D442DD /* Resources */ = {
			isa = PBXResourcesBuildPhase;
			buildActionMask = 2147483647;
			files = (
			);
			runOnlyForDeploymentPostprocessing = 0;
		};
/* End PBXResourcesBuildPhase section */

/* Begin PBXSourcesBuildPhase section */
		FA8F6E261A12BA6600D442DD /* Sources */ = {
			isa = PBXSourcesBuildPhase;
			buildActionMask = 2147483647;
			files = (
				FA2DC6E51A12F68D00FE0272 /* SIMenuConfiguration.m in Sources */,
				FA2DC6E41A12F68D00FE0272 /* SIMenuCell.m in Sources */,
				FA7865191A12DDB800092090 /* AddMemberViewController.m in Sources */,
				FA2DC6E81A12F68D00FE0272 /* UIColor+Extension.m in Sources */,
				FA8F6E361A12BA6600D442DD /* LostCharacters.xcdatamodeld in Sources */,
				FA2DC6E21A12F68D00FE0272 /* SICellSelection.m in Sources */,
				FA8F6E581A12C1F400D442DD /* MemberTableViewCell.m in Sources */,
				FA8F6E331A12BA6600D442DD /* AppDelegate.m in Sources */,
				FA2DC6E61A12F68D00FE0272 /* SIMenuTable.m in Sources */,
				FA2DC6E71A12F68D00FE0272 /* SINavigationMenuView.m in Sources */,
				FA8F6E391A12BA6600D442DD /* RootViewController.m in Sources */,
				FA2DC6DA1A12F68D00FE0272 /* HAViewController.m in Sources */,
				FA2DC6E31A12F68D00FE0272 /* SIMenuButton.m in Sources */,
				FA2DC6D91A12F68D00FE0272 /* HAAppDelegate.m in Sources */,
				FA8F6E301A12BA6600D442DD /* main.m in Sources */,
			);
			runOnlyForDeploymentPostprocessing = 0;
		};
		FA8F6E421A12BA6600D442DD /* Sources */ = {
			isa = PBXSourcesBuildPhase;
			buildActionMask = 2147483647;
			files = (
				FA8F6E4D1A12BA6600D442DD /* LostCharactersTests.m in Sources */,
			);
			runOnlyForDeploymentPostprocessing = 0;
		};
/* End PBXSourcesBuildPhase section */

/* Begin PBXTargetDependency section */
		FA8F6E481A12BA6600D442DD /* PBXTargetDependency */ = {
			isa = PBXTargetDependency;
			target = FA8F6E291A12BA6600D442DD /* LostCharacters */;
			targetProxy = FA8F6E471A12BA6600D442DD /* PBXContainerItemProxy */;
		};
/* End PBXTargetDependency section */

/* Begin PBXVariantGroup section */
		FA2DC6B41A12F68D00FE0272 /* HAViewController.xib */ = {
			isa = PBXVariantGroup;
			children = (
				FA2DC6B51A12F68D00FE0272 /* en */,
			);
			name = HAViewController.xib;
			sourceTree = "<group>";
		};
		FA2DC6B61A12F68D00FE0272 /* InfoPlist.strings */ = {
			isa = PBXVariantGroup;
			children = (
				FA2DC6B71A12F68D00FE0272 /* en */,
			);
			name = InfoPlist.strings;
			sourceTree = "<group>";
		};
		FA8F6E3A1A12BA6600D442DD /* Main.storyboard */ = {
			isa = PBXVariantGroup;
			children = (
				FA8F6E3B1A12BA6600D442DD /* Base */,
			);
			name = Main.storyboard;
			path = LostCharacters;
			sourceTree = "<group>";
		};
		FA8F6E3F1A12BA6600D442DD /* LaunchScreen.xib */ = {
			isa = PBXVariantGroup;
			children = (
				FA8F6E401A12BA6600D442DD /* Base */,
			);
			name = LaunchScreen.xib;
			sourceTree = "<group>";
		};
/* End PBXVariantGroup section */

/* Begin XCBuildConfiguration section */
		FA8F6E4E1A12BA6600D442DD /* Debug */ = {
			isa = XCBuildConfiguration;
			buildSettings = {
				ALWAYS_SEARCH_USER_PATHS = NO;
				CLANG_CXX_LANGUAGE_STANDARD = "gnu++0x";
				CLANG_CXX_LIBRARY = "libc++";
				CLANG_ENABLE_MODULES = YES;
				CLANG_ENABLE_OBJC_ARC = YES;
				CLANG_WARN_BOOL_CONVERSION = YES;
				CLANG_WARN_CONSTANT_CONVERSION = YES;
				CLANG_WARN_DIRECT_OBJC_ISA_USAGE = YES_ERROR;
				CLANG_WARN_EMPTY_BODY = YES;
				CLANG_WARN_ENUM_CONVERSION = YES;
				CLANG_WARN_INT_CONVERSION = YES;
				CLANG_WARN_OBJC_ROOT_CLASS = YES_ERROR;
				CLANG_WARN_UNREACHABLE_CODE = YES;
				CLANG_WARN__DUPLICATE_METHOD_MATCH = YES;
				"CODE_SIGN_IDENTITY[sdk=iphoneos*]" = "iPhone Developer";
				COPY_PHASE_STRIP = NO;
				ENABLE_STRICT_OBJC_MSGSEND = YES;
				GCC_C_LANGUAGE_STANDARD = gnu99;
				GCC_DYNAMIC_NO_PIC = NO;
				GCC_OPTIMIZATION_LEVEL = 0;
				GCC_PREPROCESSOR_DEFINITIONS = (
					"DEBUG=1",
					"$(inherited)",
				);
				GCC_SYMBOLS_PRIVATE_EXTERN = NO;
				GCC_WARN_64_TO_32_BIT_CONVERSION = YES;
				GCC_WARN_ABOUT_RETURN_TYPE = YES_ERROR;
				GCC_WARN_UNDECLARED_SELECTOR = YES;
				GCC_WARN_UNINITIALIZED_AUTOS = YES_AGGRESSIVE;
				GCC_WARN_UNUSED_FUNCTION = YES;
				GCC_WARN_UNUSED_VARIABLE = YES;
				IPHONEOS_DEPLOYMENT_TARGET = 8.1;
				MTL_ENABLE_DEBUG_INFO = YES;
				ONLY_ACTIVE_ARCH = YES;
				SDKROOT = iphoneos;
			};
			name = Debug;
		};
		FA8F6E4F1A12BA6600D442DD /* Release */ = {
			isa = XCBuildConfiguration;
			buildSettings = {
				ALWAYS_SEARCH_USER_PATHS = NO;
				CLANG_CXX_LANGUAGE_STANDARD = "gnu++0x";
				CLANG_CXX_LIBRARY = "libc++";
				CLANG_ENABLE_MODULES = YES;
				CLANG_ENABLE_OBJC_ARC = YES;
				CLANG_WARN_BOOL_CONVERSION = YES;
				CLANG_WARN_CONSTANT_CONVERSION = YES;
				CLANG_WARN_DIRECT_OBJC_ISA_USAGE = YES_ERROR;
				CLANG_WARN_EMPTY_BODY = YES;
				CLANG_WARN_ENUM_CONVERSION = YES;
				CLANG_WARN_INT_CONVERSION = YES;
				CLANG_WARN_OBJC_ROOT_CLASS = YES_ERROR;
				CLANG_WARN_UNREACHABLE_CODE = YES;
				CLANG_WARN__DUPLICATE_METHOD_MATCH = YES;
				"CODE_SIGN_IDENTITY[sdk=iphoneos*]" = "iPhone Developer";
				COPY_PHASE_STRIP = YES;
				ENABLE_NS_ASSERTIONS = NO;
				ENABLE_STRICT_OBJC_MSGSEND = YES;
				GCC_C_LANGUAGE_STANDARD = gnu99;
				GCC_WARN_64_TO_32_BIT_CONVERSION = YES;
				GCC_WARN_ABOUT_RETURN_TYPE = YES_ERROR;
				GCC_WARN_UNDECLARED_SELECTOR = YES;
				GCC_WARN_UNINITIALIZED_AUTOS = YES_AGGRESSIVE;
				GCC_WARN_UNUSED_FUNCTION = YES;
				GCC_WARN_UNUSED_VARIABLE = YES;
				IPHONEOS_DEPLOYMENT_TARGET = 8.1;
				MTL_ENABLE_DEBUG_INFO = NO;
				SDKROOT = iphoneos;
				VALIDATE_PRODUCT = YES;
			};
			name = Release;
		};
		FA8F6E511A12BA6600D442DD /* Debug */ = {
			isa = XCBuildConfiguration;
			buildSettings = {
				ASSETCATALOG_COMPILER_APPICON_NAME = AppIcon;
				INFOPLIST_FILE = LostCharacters/Info.plist;
				LD_RUNPATH_SEARCH_PATHS = "$(inherited) @executable_path/Frameworks";
				PRODUCT_NAME = "$(TARGET_NAME)";
			};
			name = Debug;
		};
		FA8F6E521A12BA6600D442DD /* Release */ = {
			isa = XCBuildConfiguration;
			buildSettings = {
				ASSETCATALOG_COMPILER_APPICON_NAME = AppIcon;
				INFOPLIST_FILE = LostCharacters/Info.plist;
				LD_RUNPATH_SEARCH_PATHS = "$(inherited) @executable_path/Frameworks";
				PRODUCT_NAME = "$(TARGET_NAME)";
			};
			name = Release;
		};
		FA8F6E541A12BA6600D442DD /* Debug */ = {
			isa = XCBuildConfiguration;
			buildSettings = {
				BUNDLE_LOADER = "$(TEST_HOST)";
				FRAMEWORK_SEARCH_PATHS = (
					"$(SDKROOT)/Developer/Library/Frameworks",
					"$(inherited)",
				);
				GCC_PREPROCESSOR_DEFINITIONS = (
					"DEBUG=1",
					"$(inherited)",
				);
				INFOPLIST_FILE = LostCharactersTests/Info.plist;
				LD_RUNPATH_SEARCH_PATHS = "$(inherited) @executable_path/Frameworks @loader_path/Frameworks";
				PRODUCT_NAME = "$(TARGET_NAME)";
				TEST_HOST = "$(BUILT_PRODUCTS_DIR)/LostCharacters.app/LostCharacters";
			};
			name = Debug;
		};
		FA8F6E551A12BA6600D442DD /* Release */ = {
			isa = XCBuildConfiguration;
			buildSettings = {
				BUNDLE_LOADER = "$(TEST_HOST)";
				FRAMEWORK_SEARCH_PATHS = (
					"$(SDKROOT)/Developer/Library/Frameworks",
					"$(inherited)",
				);
				INFOPLIST_FILE = LostCharactersTests/Info.plist;
				LD_RUNPATH_SEARCH_PATHS = "$(inherited) @executable_path/Frameworks @loader_path/Frameworks";
				PRODUCT_NAME = "$(TARGET_NAME)";
				TEST_HOST = "$(BUILT_PRODUCTS_DIR)/LostCharacters.app/LostCharacters";
			};
			name = Release;
		};
/* End XCBuildConfiguration section */

/* Begin XCConfigurationList section */
		FA8F6E251A12BA6600D442DD /* Build configuration list for PBXProject "LostCharacters" */ = {
			isa = XCConfigurationList;
			buildConfigurations = (
				FA8F6E4E1A12BA6600D442DD /* Debug */,
				FA8F6E4F1A12BA6600D442DD /* Release */,
			);
			defaultConfigurationIsVisible = 0;
			defaultConfigurationName = Release;
		};
		FA8F6E501A12BA6600D442DD /* Build configuration list for PBXNativeTarget "LostCharacters" */ = {
			isa = XCConfigurationList;
			buildConfigurations = (
				FA8F6E511A12BA6600D442DD /* Debug */,
				FA8F6E521A12BA6600D442DD /* Release */,
			);
			defaultConfigurationIsVisible = 0;
			defaultConfigurationName = Release;
		};
		FA8F6E531A12BA6600D442DD /* Build configuration list for PBXNativeTarget "LostCharactersTests" */ = {
			isa = XCConfigurationList;
			buildConfigurations = (
				FA8F6E541A12BA6600D442DD /* Debug */,
				FA8F6E551A12BA6600D442DD /* Release */,
			);
			defaultConfigurationIsVisible = 0;
			defaultConfigurationName = Release;
		};
/* End XCConfigurationList section */

/* Begin XCVersionGroup section */
		FA8F6E341A12BA6600D442DD /* LostCharacters.xcdatamodeld */ = {
			isa = XCVersionGroup;
			children = (
				FA8F6E351A12BA6600D442DD /* LostCharacters.xcdatamodel */,
			);
			currentVersion = FA8F6E351A12BA6600D442DD /* LostCharacters.xcdatamodel */;
			path = LostCharacters.xcdatamodeld;
			sourceTree = "<group>";
			versionGroupType = wrapper.xcdatamodel;
		};
/* End XCVersionGroup section */
	};
	rootObject = FA8F6E221A12BA6600D442DD /* Project object */;
}
